# This file is automatically @generated by Cargo.
# It is not intended for manual editing.
version = 4

[[package]]
name = "hex"
version = "0.4.3"
source = "registry+https://github.com/rust-lang/crates.io-index"
checksum = "7f24254aa9a54b5c858eaee2f5bccdb46aaf0e486a595ed5fd8f86ba55232a70"

[[package]]
name = "seatrac_driver"
version = "0.1.0"
dependencies = [
 "hex",
]

[[patch.unused]]
name = "action_msgs"
version = "2.0.3"

[[patch.unused]]
name = "actionlib_msgs"
version = "5.3.6"

[[patch.unused]]
name = "builtin_interfaces"
version = "2.0.3"

[[patch.unused]]
name = "composition_interfaces"
version = "2.0.3"

[[patch.unused]]
name = "diagnostic_msgs"
version = "5.3.6"

[[patch.unused]]
name = "example_interfaces"
version = "0.12.0"

[[patch.unused]]
name = "examples_logging_demo"
version = "0.5.0"

[[patch.unused]]
name = "examples_parameter_demo"
version = "0.5.0"

[[patch.unused]]
name = "examples_rclrs_message_demo"
version = "0.5.0"

[[patch.unused]]
name = "examples_rclrs_minimal_client_service"
version = "0.5.0"

[[patch.unused]]
name = "examples_rclrs_minimal_pub_sub"
version = "0.5.0"

[[patch.unused]]
name = "examples_worker_demo"
version = "0.5.0"

[[patch.unused]]
name = "geometry_msgs"
version = "5.3.6"

[[patch.unused]]
name = "lifecycle_msgs"
version = "2.0.3"

[[patch.unused]]
name = "nav_msgs"
version = "5.3.6"

[[patch.unused]]
name = "rcl_interfaces"
version = "2.0.3"

[[patch.unused]]
name = "rclrs"
version = "0.5.1"

[[patch.unused]]
name = "rclrs_example_msgs"
version = "0.5.0"

[[patch.unused]]
name = "republisher_node"
version = "0.1.0"

[[patch.unused]]
name = "rosgraph_msgs"
version = "2.0.3"

[[patch.unused]]
name = "rosidl_runtime_rs"
version = "0.4.2"

[[patch.unused]]
name = "rust_pubsub"
version = "0.5.0"

[[patch.unused]]
name = "seatrac_test"
version = "0.1.0"

[[patch.unused]]
name = "sensor_msgs"
version = "5.3.6"

[[patch.unused]]
name = "seriel_transport_rs"
version = "0.1.0"

[[patch.unused]]
name = "service_msgs"
version = "2.0.3"

[[patch.unused]]
name = "shape_msgs"
version = "5.3.6"

[[patch.unused]]
name = "statistics_msgs"
version = "2.0.3"

[[patch.unused]]
name = "std_msgs"
version = "5.3.6"

[[patch.unused]]
name = "std_srvs"
version = "5.3.6"

[[patch.unused]]
name = "stereo_msgs"
version = "5.3.6"

[[patch.unused]]
name = "test_msgs"
version = "2.0.3"

[[patch.unused]]
name = "trajectory_msgs"
version = "5.3.6"

[[patch.unused]]
name = "type_description_interfaces"
version = "2.0.3"

[[patch.unused]]
name = "unique_identifier_msgs"
version = "2.5.0"

[[patch.unused]]
name = "visualization_msgs"
version = "5.3.6"
